
Microsoft Visual Studio Solution File, Format Version 12.00
# Visual Studio Version 16
VisualStudioVersion = 16.0.32002.261
MinimumVisualStudioVersion = 10.0.40219.1
Project("{8BC9CEB8-8B4A-11D0-8D11-00A0C91BC942}") = "Tixel", "Console\Tixel.vcxproj", "{A073B920-51E6-4C98-8CDE-5781DDBECD78}"
EndProject
Project("{8BC9CEB8-8B4A-11D0-8D11-00A0C91BC942}") = "TixelInfra", "Infrastructure\TixelInfra.vcxproj", "{53E9D027-7F68-4E67-9165-88C04A0828FB}"
EndProject
Project("{8BC9CEB8-8B4A-11D0-8D11-00A0C91BC942}") = "TixelAdt", "DataTypes\TixelAdt.vcxproj", "{82715EA3-44EB-4428-A47D-D0264E13CCC3}"
EndProject
Project("{8BC9CEB8-8B4A-11D0-8D11-00A0C91BC942}") = "TixelTxn", "Transactions\TixelTxn.vcxproj", "{F02DADEA-0F2A-406A-B93D-1E45738C5B93}"
EndProject
Project("{2150E333-8FDC-42A3-9474-1A3956D46DE8}") = "Libraries", "Libraries", "{BA3CCC9A-D54F-4075-AE48-4015EF648426}"
EndProject
Project("{2150E333-8FDC-42A3-9474-1A3956D46DE8}") = "Console", "Console", "{E17022F3-47BD-4766-86C0-DEFCDFD79520}"
EndProject
Project("{2150E333-8FDC-42A3-9474-1A3956D46DE8}") = "Tests", "Tests", "{71962790-6CA2-4A50-94B7-6F68E441C056}"
EndProject
Project("{8BC9CEB8-8B4A-11D0-8D11-00A0C91BC942}") = "TixelUnitTests", "..\Tests\UnitTests\TixelUnitTests.vcxproj", "{21FC81A1-C961-4BDF-8115-BA1F1FE0FB8E}"
EndProject
Project("{8BC9CEB8-8B4A-11D0-8D11-00A0C91BC942}") = "TixelBench", "..\Tests\Benchmark\TixelBench.vcxproj", "{63EE9779-B78C-4E55-A0BB-AECA2F71C2B5}"
EndProject
Global
	GlobalSection(SolutionConfigurationPlatforms) = preSolution
		Debug|ARM = Debug|ARM
		Debug|ARM64 = Debug|ARM64
		Debug|x64 = Debug|x64
		Debug|x86 = Debug|x86
		Release|ARM = Release|ARM
		Release|ARM64 = Release|ARM64
		Release|x64 = Release|x64
		Release|x86 = Release|x86
	EndGlobalSection
	GlobalSection(ProjectConfigurationPlatforms) = postSolution
		{A073B920-51E6-4C98-8CDE-5781DDBECD78}.Debug|ARM.ActiveCfg = Debug|Win32
		{A073B920-51E6-4C98-8CDE-5781DDBECD78}.Debug|ARM.Build.0 = Debug|Win32
		{A073B920-51E6-4C98-8CDE-5781DDBECD78}.Debug|ARM64.ActiveCfg = Debug|x64
		{A073B920-51E6-4C98-8CDE-5781DDBECD78}.Debug|ARM64.Build.0 = Debug|x64
		{A073B920-51E6-4C98-8CDE-5781DDBECD78}.Debug|x64.ActiveCfg = Debug|x64
		{A073B920-51E6-4C98-8CDE-5781DDBECD78}.Debug|x64.Build.0 = Debug|x64
		{A073B920-51E6-4C98-8CDE-5781DDBECD78}.Debug|x86.ActiveCfg = Debug|Win32
		{A073B920-51E6-4C98-8CDE-5781DDBECD78}.Debug|x86.Build.0 = Debug|Win32
		{A073B920-51E6-4C98-8CDE-5781DDBECD78}.Release|ARM.ActiveCfg = Release|Win32
		{A073B920-51E6-4C98-8CDE-5781DDBECD78}.Release|ARM.Build.0 = Release|Win32
		{A073B920-51E6-4C98-8CDE-5781DDBECD78}.Release|ARM64.ActiveCfg = Release|x64
		{A073B920-51E6-4C98-8CDE-5781DDBECD78}.Release|ARM64.Build.0 = Release|x64
		{A073B920-51E6-4C98-8CDE-5781DDBECD78}.Release|x64.ActiveCfg = Release|x64
		{A073B920-51E6-4C98-8CDE-5781DDBECD78}.Release|x64.Build.0 = Release|x64
		{A073B920-51E6-4C98-8CDE-5781DDBECD78}.Release|x86.ActiveCfg = Release|Win32
		{A073B920-51E6-4C98-8CDE-5781DDBECD78}.Release|x86.Build.0 = Release|Win32
		{53E9D027-7F68-4E67-9165-88C04A0828FB}.Debug|ARM.ActiveCfg = Debug|Win32
		{53E9D027-7F68-4E67-9165-88C04A0828FB}.Debug|ARM.Build.0 = Debug|Win32
		{53E9D027-7F68-4E67-9165-88C04A0828FB}.Debug|ARM64.ActiveCfg = Debug|x64
		{53E9D027-7F68-4E67-9165-88C04A0828FB}.Debug|ARM64.Build.0 = Debug|x64
		{53E9D027-7F68-4E67-9165-88C04A0828FB}.Debug|x64.ActiveCfg = Debug|x64
		{53E9D027-7F68-4E67-9165-88C04A0828FB}.Debug|x64.Build.0 = Debug|x64
		{53E9D027-7F68-4E67-9165-88C04A0828FB}.Debug|x86.ActiveCfg = Debug|Win32
		{53E9D027-7F68-4E67-9165-88C04A0828FB}.Debug|x86.Build.0 = Debug|Win32
		{53E9D027-7F68-4E67-9165-88C04A0828FB}.Release|ARM.ActiveCfg = Release|Win32
		{53E9D027-7F68-4E67-9165-88C04A0828FB}.Release|ARM.Build.0 = Release|Win32
		{53E9D027-7F68-4E67-9165-88C04A0828FB}.Release|ARM64.ActiveCfg = Release|x64
		{53E9D027-7F68-4E67-9165-88C04A0828FB}.Release|ARM64.Build.0 = Release|x64
		{53E9D027-7F68-4E67-9165-88C04A0828FB}.Release|x64.ActiveCfg = Release|x64
		{53E9D027-7F68-4E67-9165-88C04A0828FB}.Release|x64.Build.0 = Release|x64
		{53E9D027-7F68-4E67-9165-88C04A0828FB}.Release|x86.ActiveCfg = Release|Win32
		{53E9D027-7F68-4E67-9165-88C04A0828FB}.Release|x86.Build.0 = Release|Win32
		{82715EA3-44EB-4428-A47D-D0264E13CCC3}.Debug|ARM.ActiveCfg = Debug|Win32
		{82715EA3-44EB-4428-A47D-D0264E13CCC3}.Debug|ARM.Build.0 = Debug|Win32
		{82715EA3-44EB-4428-A47D-D0264E13CCC3}.Debug|ARM64.ActiveCfg = Debug|x64
		{82715EA3-44EB-4428-A47D-D0264E13CCC3}.Debug|ARM64.Build.0 = Debug|x64
		{82715EA3-44EB-4428-A47D-D0264E13CCC3}.Debug|x64.ActiveCfg = Debug|x64
		{82715EA3-44EB-4428-A47D-D0264E13CCC3}.Debug|x64.Build.0 = Debug|x64
		{82715EA3-44EB-4428-A47D-D0264E13CCC3}.Debug|x86.ActiveCfg = Debug|Win32
		{82715EA3-44EB-4428-A47D-D0264E13CCC3}.Debug|x86.Build.0 = Debug|Win32
		{82715EA3-44EB-4428-A47D-D0264E13CCC3}.Release|ARM.ActiveCfg = Release|Win32
		{82715EA3-44EB-4428-A47D-D0264E13CCC3}.Release|ARM.Build.0 = Release|Win32
		{82715EA3-44EB-4428-A47D-D0264E13CCC3}.Release|ARM64.ActiveCfg = Release|x64
		{82715EA3-44EB-4428-A47D-D0264E13CCC3}.Release|ARM64.Build.0 = Release|x64
		{82715EA3-44EB-4428-A47D-D0264E13CCC3}.Release|x64.ActiveCfg = Release|x64
		{82715EA3-44EB-4428-A47D-D0264E13CCC3}.Release|x64.Build.0 = Release|x64
		{82715EA3-44EB-4428-A47D-D0264E13CCC3}.Release|x86.ActiveCfg = Release|Win32
		{82715EA3-44EB-4428-A47D-D0264E13CCC3}.Release|x86.Build.0 = Release|Win32
		{F02DADEA-0F2A-406A-B93D-1E45738C5B93}.Debug|ARM.ActiveCfg = Debug|Win32
		{F02DADEA-0F2A-406A-B93D-1E45738C5B93}.Debug|ARM.Build.0 = Debug|Win32
		{F02DADEA-0F2A-406A-B93D-1E45738C5B93}.Debug|ARM64.ActiveCfg = Debug|x64
		{F02DADEA-0F2A-406A-B93D-1E45738C5B93}.Debug|ARM64.Build.0 = Debug|x64
		{F02DADEA-0F2A-406A-B93D-1E45738C5B93}.Debug|x64.ActiveCfg = Debug|x64
		{F02DADEA-0F2A-406A-B93D-1E45738C5B93}.Debug|x64.Build.0 = Debug|x64
		{F02DADEA-0F2A-406A-B93D-1E45738C5B93}.Debug|x86.ActiveCfg = Debug|Win32
		{F02DADEA-0F2A-406A-B93D-1E45738C5B93}.Debug|x86.Build.0 = Debug|Win32
		{F02DADEA-0F2A-406A-B93D-1E45738C5B93}.Release|ARM.ActiveCfg = Release|Win32
		{F02DADEA-0F2A-406A-B93D-1E45738C5B93}.Release|ARM.Build.0 = Release|Win32
		{F02DADEA-0F2A-406A-B93D-1E45738C5B93}.Release|ARM64.ActiveCfg = Release|x64
		{F02DADEA-0F2A-406A-B93D-1E45738C5B93}.Release|ARM64.Build.0 = Release|x64
		{F02DADEA-0F2A-406A-B93D-1E45738C5B93}.Release|x64.ActiveCfg = Release|x64
		{F02DADEA-0F2A-406A-B93D-1E45738C5B93}.Release|x64.Build.0 = Release|x64
		{F02DADEA-0F2A-406A-B93D-1E45738C5B93}.Release|x86.ActiveCfg = Release|Win32
		{F02DADEA-0F2A-406A-B93D-1E45738C5B93}.Release|x86.Build.0 = Release|Win32
		{21FC81A1-C961-4BDF-8115-BA1F1FE0FB8E}.Debug|ARM.ActiveCfg = Debug|ARM
		{21FC81A1-C961-4BDF-8115-BA1F1FE0FB8E}.Debug|ARM.Build.0 = Debug|ARM
		{21FC81A1-C961-4BDF-8115-BA1F1FE0FB8E}.Debug|ARM64.ActiveCfg = Debug|ARM64
		{21FC81A1-C961-4BDF-8115-BA1F1FE0FB8E}.Debug|ARM64.Build.0 = Debug|ARM64
		{21FC81A1-C961-4BDF-8115-BA1F1FE0FB8E}.Debug|x64.ActiveCfg = Debug|x64
		{21FC81A1-C961-4BDF-8115-BA1F1FE0FB8E}.Debug|x64.Build.0 = Debug|x64
		{21FC81A1-C961-4BDF-8115-BA1F1FE0FB8E}.Debug|x86.ActiveCfg = Debug|Win32
		{21FC81A1-C961-4BDF-8115-BA1F1FE0FB8E}.Debug|x86.Build.0 = Debug|Win32
		{21FC81A1-C961-4BDF-8115-BA1F1FE0FB8E}.Release|ARM.ActiveCfg = Release|ARM
		{21FC81A1-C961-4BDF-8115-BA1F1FE0FB8E}.Release|ARM.Build.0 = Release|ARM
		{21FC81A1-C961-4BDF-8115-BA1F1FE0FB8E}.Release|ARM64.ActiveCfg = Release|ARM64
		{21FC81A1-C961-4BDF-8115-BA1F1FE0FB8E}.Release|ARM64.Build.0 = Release|ARM64
		{21FC81A1-C961-4BDF-8115-BA1F1FE0FB8E}.Release|x64.ActiveCfg = Release|x64
		{21FC81A1-C961-4BDF-8115-BA1F1FE0FB8E}.Release|x64.Build.0 = Release|x64
		{21FC81A1-C961-4BDF-8115-BA1F1FE0FB8E}.Release|x86.ActiveCfg = Release|Win32
		{21FC81A1-C961-4BDF-8115-BA1F1FE0FB8E}.Release|x86.Build.0 = Release|Win32
		{63EE9779-B78C-4E55-A0BB-AECA2F71C2B5}.Debug|ARM.ActiveCfg = Debug|ARM
		{63EE9779-B78C-4E55-A0BB-AECA2F71C2B5}.Debug|ARM.Build.0 = Debug|ARM
		{63EE9779-B78C-4E55-A0BB-AECA2F71C2B5}.Debug|ARM.Deploy.0 = Debug|ARM
		{63EE9779-B78C-4E55-A0BB-AECA2F71C2B5}.Debug|ARM64.ActiveCfg = Debug|ARM64
		{63EE9779-B78C-4E55-A0BB-AECA2F71C2B5}.Debug|ARM64.Build.0 = Debug|ARM64
		{63EE9779-B78C-4E55-A0BB-AECA2F71C2B5}.Debug|ARM64.Deploy.0 = Debug|ARM64
		{63EE9779-B78C-4E55-A0BB-AECA2F71C2B5}.Debug|x64.ActiveCfg = Debug|x64
		{63EE9779-B78C-4E55-A0BB-AECA2F71C2B5}.Debug|x86.ActiveCfg = Debug|x86
		{63EE9779-B78C-4E55-A0BB-AECA2F71C2B5}.Release|ARM.ActiveCfg = Release|ARM
		{63EE9779-B78C-4E55-A0BB-AECA2F71C2B5}.Release|ARM.Build.0 = Release|ARM
		{63EE9779-B78C-4E55-A0BB-AECA2F71C2B5}.Release|ARM.Deploy.0 = Release|ARM
		{63EE9779-B78C-4E55-A0BB-AECA2F71C2B5}.Release|ARM64.ActiveCfg = Release|ARM64
		{63EE9779-B78C-4E55-A0BB-AECA2F71C2B5}.Release|ARM64.Build.0 = Release|ARM64
		{63EE9779-B78C-4E55-A0BB-AECA2F71C2B5}.Release|ARM64.Deploy.0 = Release|ARM64
		{63EE9779-B78C-4E55-A0BB-AECA2F71C2B5}.Release|x64.ActiveCfg = Release|x64
		{63EE9779-B78C-4E55-A0BB-AECA2F71C2B5}.Release|x86.ActiveCfg = Release|x86
	EndGlobalSection
	GlobalSection(SolutionProperties) = preSolution
		HideSolutionNode = FALSE
	EndGlobalSection
	GlobalSection(NestedProjects) = preSolution
		{A073B920-51E6-4C98-8CDE-5781DDBECD78} = {E17022F3-47BD-4766-86C0-DEFCDFD79520}
		{53E9D027-7F68-4E67-9165-88C04A0828FB} = {BA3CCC9A-D54F-4075-AE48-4015EF648426}
		{82715EA3-44EB-4428-A47D-D0264E13CCC3} = {BA3CCC9A-D54F-4075-AE48-4015EF648426}
		{F02DADEA-0F2A-406A-B93D-1E45738C5B93} = {BA3CCC9A-D54F-4075-AE48-4015EF648426}
		{21FC81A1-C961-4BDF-8115-BA1F1FE0FB8E} = {71962790-6CA2-4A50-94B7-6F68E441C056}
		{63EE9779-B78C-4E55-A0BB-AECA2F71C2B5} = {71962790-6CA2-4A50-94B7-6F68E441C056}
	EndGlobalSection
	GlobalSection(ExtensibilityGlobals) = postSolution
		SolutionGuid = {64538C1E-4C2A-4255-A8F1-E87635B77847}
	EndGlobalSection
EndGlobal
